
Microsoft Visual Studio Solution File, Format Version 12.00
# Visual Studio Version 16
VisualStudioVersion = 16.0.33214.272
MinimumVisualStudioVersion = 10.0.40219.1
Project("{8BC9CEB8-8B4A-11D0-8D11-00A0C91BC942}") = "RayCasting_Task", "RayCasting_Task.vcxproj", "{1063259A-223F-4111-81DD-242E12AED30A}"
EndProject
Project("{54435603-DBB4-11D2-8724-00A0C9A8B90C}") = "Setup1", "..\Setup1\Setup1.vdproj", "{9D3F6876-7A59-4EDB-9694-A9893CF61147}"
EndProject
Global
	GlobalSection(SolutionConfigurationPlatforms) = preSolution
		Debug|x64 = Debug|x64
		Debug|x86 = Debug|x86
		Release|x64 = Release|x64
		Release|x86 = Release|x86
	EndGlobalSection
	GlobalSection(ProjectConfigurationPlatforms) = postSolution
		{1063259A-223F-4111-81DD-242E12AED30A}.Debug|x64.ActiveCfg = Release|x64
		{1063259A-223F-4111-81DD-242E12AED30A}.Debug|x64.Build.0 = Release|x64
		{1063259A-223F-4111-81DD-242E12AED30A}.Debug|x86.ActiveCfg = Debug|Win32
		{1063259A-223F-4111-81DD-242E12AED30A}.Debug|x86.Build.0 = Debug|Win32
		{1063259A-223F-4111-81DD-242E12AED30A}.Release|x64.ActiveCfg = Release|x64
		{1063259A-223F-4111-81DD-242E12AED30A}.Release|x64.Build.0 = Release|x64
		{1063259A-223F-4111-81DD-242E12AED30A}.Release|x86.ActiveCfg = Release|Win32
		{1063259A-223F-4111-81DD-242E12AED30A}.Release|x86.Build.0 = Release|Win32
		{9D3F6876-7A59-4EDB-9694-A9893CF61147}.Debug|x64.ActiveCfg = Release
		{9D3F6876-7A59-4EDB-9694-A9893CF61147}.Debug|x64.Build.0 = Release
		{9D3F6876-7A59-4EDB-9694-A9893CF61147}.Debug|x86.ActiveCfg = Debug
		{9D3F6876-7A59-4EDB-9694-A9893CF61147}.Release|x64.ActiveCfg = Release
		{9D3F6876-7A59-4EDB-9694-A9893CF61147}.Release|x64.Build.0 = Release
		{9D3F6876-7A59-4EDB-9694-A9893CF61147}.Release|x86.ActiveCfg = Release
	EndGlobalSection
	GlobalSection(SolutionProperties) = preSolution
		HideSolutionNode = FALSE
	EndGlobalSection
	GlobalSection(ExtensibilityGlobals) = postSolution
		SolutionGuid = {5ECEDD0F-C563-42A5-A1F3-CECB9BA73788}
	EndGlobalSection
EndGlobal
